
Microsoft Visual Studio Solution File, Format Version 12.00
# Visual Studio Version 17
VisualStudioVersion = 17.1.32421.90
MinimumVisualStudioVersion = 10.0.40219.1
Project("{FAE04EC0-301F-11D3-BF4B-00C04F79EFBC}") = "g", "g\g.csproj", "{FD9D3189-F4AC-4222-A4B5-4B558DDFEECF}"
EndProject
Global
	GlobalSection(SolutionConfigurationPlatforms) = preSolution
		Debug|Any CPU = Debug|Any CPU
		Release|Any CPU = Release|Any CPU
	EndGlobalSection
	GlobalSection(ProjectConfigurationPlatforms) = postSolution
		{FD9D3189-F4AC-4222-A4B5-4B558DDFEECF}.Debug|Any CPU.ActiveCfg = Debug|Any CPU
		{FD9D3189-F4AC-4222-A4B5-4B558DDFEECF}.Debug|Any CPU.Build.0 = Debug|Any CPU
		{FD9D3189-F4AC-4222-A4B5-4B558DDFEECF}.Release|Any CPU.ActiveCfg = Release|Any CPU
		{FD9D3189-F4AC-4222-A4B5-4B558DDFEECF}.Release|Any CPU.Build.0 = Release|Any CPU
	EndGlobalSection
	GlobalSection(SolutionProperties) = preSolution
		HideSolutionNode = FALSE
	EndGlobalSection
	GlobalSection(ExtensibilityGlobals) = postSolution
		SolutionGuid = {3649B423-C6B3-4AF4-BE5E-06CE946A7E3C}
	EndGlobalSection
EndGlobal
